lockfileVersion: '9.0'

settings:
  autoInstallPeers: true
  excludeLinksFromLockfile: false

importers:

  .:
    dependencies:
      '@fontsource-variable/geist':
        specifier: ^5.2.8
        version: 5.2.8
      '@fontsource-variable/geist-mono':
        specifier: ^5.2.7
        version: 5.2.7
      '@tailwindcss/vite':
        specifier: ^4.2.1
        version: 4.2.1(vite@8.0.0-beta.18(@types/node@24.12.0)(jiti@2.6.1))
      '@vitejs/plugin-react':
        specifier: ^6.0.0
        version: 6.0.0(vite@8.0.0-beta.18(@types/node@24.12.0)(jiti@2.6.1))
      class-variance-authority:
        specifier: ^0.7.1
        version: 0.7.1
      clsx:
        specifier: ^2.1.1
        version: 2.1.1
      fontaine:
        specifier: ^0.7.0
        version: 0.7.0
      lucide-react:
        specifier: ^0.554.0
        version: 0.554.0(react@19.2.4)
      react:
        specifier: ^19.2.4
        version: 19.2.4
      react-dom:
        specifier: ^19.2.4
        version: 19.2.4(react@19.2.4)
      tailwind-merge:
        specifier: ^3.5.0
        version: 3.5.0
      tailwindcss:
        specifier: ^4.2.1
        version: 4.2.1
      vite:
        specifier: 8.0.0-beta.18
        version: 8.0.0-beta.18(@types/node@24.12.0)(jiti@2.6.1)
    devDependencies:
      '@types/node':
        specifier: ^24.12.0
        version: 24.12.0
      '@types/react':
        specifier: ^19.2.14
        version: 19.2.14
      '@types/react-dom':
        specifier: ^19.2.3
        version: 19.2.3(@types/react@19.2.14)
      oxfmt:
        specifier: ^0.16.0
        version: 0.16.0
      oxlint:
        specifier: ^1.51.0
        version: 1.51.0
      typescript:
        specifier: ^5.9.3
        version: 5.9.3

packages:

  '@capsizecss/unpack@3.0.1':
    resolution: {integrity: sha512-8XqW8xGn++Eqqbz3e9wKuK7mxryeRjs4LOHLxbh2lwKeSbuNR4NFifDZT4KzvjU6HMOPbiNTsWpniK5EJfTWkg==}
    engines: {node: '>=18'}

  '@emnapi/core@1.8.1':
    resolution: {integrity: sha512-AvT9QFpxK0Zd8J0jopedNm+w/2fIzvtPKPjqyw9jwvBaReTTqPBk9Hixaz7KbjimP+QNz605/XnjFcDAL2pqBg==}

  '@emnapi/runtime@1.8.1':
    resolution: {integrity: sha512-mehfKSMWjjNol8659Z8KxEMrdSJDDot5SXMq00dM8BN4o+CLNXQ0xH2V7EchNHV4RmbZLmmPdEaXZc5H2FXmDg==}

  '@emnapi/wasi-threads@1.1.0':
    resolution: {integrity: sha512-WI0DdZ8xFSbgMjR1sFsKABJ/C5OnRrjT06JXbZKexJGrDuPTzZdDYfFlsgcCXCyf+suG5QU2e/y1Wo2V/OapLQ==}

  '@fontsource-variable/geist-mono@5.2.7':
    resolution: {integrity: sha512-ZKlZ5sjtalb2TwXKs400mAGDlt/+2ENLNySPx0wTz3bP3mWARCsUW+rpxzZc7e05d2qGch70pItt3K4qttbIYA==}

  '@fontsource-variable/geist@5.2.8':
    resolution: {integrity: sha512-cJ6m9e+8MQ5dCYJsLylfZrgBh6KkG4bOLckB35Tr9J/EqdkEM6QllH5PxqP1dhTvFup+HtMRPuz9xOjxXJggxw==}

  '@jridgewell/gen-mapping@0.3.13':
    resolution: {integrity: sha512-2kkt/7niJ6MgEPxF0bYdQ6etZaA+fQvDcLKckhy1yIQOzaoKjBBjSj63/aLVjYE3qhRt5dvM+uUyfCg6UKCBbA==}

  '@jridgewell/remapping@2.3.5':
    resolution: {integrity: sha512-LI9u/+laYG4Ds1TDKSJW2YPrIlcVYOwi2fUC6xB43lueCjgxV4lffOCZCtYFiH6TNOX+tQKXx97T4IKHbhyHEQ==}

  '@jridgewell/resolve-uri@3.1.2':
    resolution: {integrity: sha512-bRISgCIjP20/tbWSPWMEi54QVPRZExkuD9lJL+UIxUKtwVJA8wW1Trb1jMs1RFXo1CBTNZ/5hpC9QvmKWdopKw==}
    engines: {node: '>=6.0.0'}

  '@jridgewell/sourcemap-codec@1.5.5':
    resolution: {integrity: sha512-cYQ9310grqxueWbl+WuIUIaiUaDcj7WOq5fVhEljNVgRfOUhY9fy2zTvfoqWsnebh8Sl70VScFbICvJnLKB0Og==}

  '@jridgewell/trace-mapping@0.3.31':
    resolution: {integrity: sha512-zzNR+SdQSDJzc8joaeP8QQoCQr8NuYx2dIIytl1QeBEZHJ9uW6hebsrYgbz8hJwUQao3TWCMtmfV8Nu1twOLAw==}

  '@napi-rs/wasm-runtime@1.1.1':
    resolution: {integrity: sha512-p64ah1M1ld8xjWv3qbvFwHiFVWrq1yFvV4f7w+mzaqiR4IlSgkqhcRdHwsGgomwzBH51sRY4NEowLxnaBjcW/A==}

  '@oxc-project/runtime@0.115.0':
    resolution: {integrity: sha512-Rg8Wlt5dCbXhQnsXPrkOjL1DTSvXLgb2R/KYfnf1/K+R0k6UMLEmbQXPM+kwrWqSmWA2t0B1EtHy2/3zikQpvQ==}
    engines: {node: ^20.19.0 || >=22.12.0}

  '@oxc-project/types@0.115.0':
    resolution: {integrity: sha512-4n91DKnebUS4yjUHl2g3/b2T+IUdCfmoZGhmwsovZCDaJSs+QkVAM+0AqqTxHSsHfeiMuueT75cZaZcT/m0pSw==}

  '@oxfmt/darwin-arm64@0.16.0':
    resolution: {integrity: sha512-I+Unj7wePcUTK7p/YKtgbm4yer6dw7dTlmCJa0UilFZyge5uD4rwCSfSDx3A+a6Z3A60/SqXMbNR2UyidWF4Cg==}
    cpu: [arm64]
    os: [darwin]

  '@oxfmt/darwin-x64@0.16.0':
    resolution: {integrity: sha512-EfiXFKEOV5gXgEatFK89OOoSmd8E9Xq83TcjPLWQNFBO4cgaQsfKmctpgJmJjQnoUwD7nQsm0ruj3ae7Gva8QA==}
    cpu: [x64]
    os: [darwin]

  '@oxfmt/linux-arm64-gnu@0.16.0':
    resolution: {integrity: sha512-ydcNY9Fn/8TjVswANhdSh+zdgD3tiikNQA68bgXbENHuV3RyYql1qoOM1eGv5xeIVJfkPJme17MKQz3OwMFS4A==}
    cpu: [arm64]
    os: [linux]
    libc: [glibc]

  '@oxfmt/linux-arm64-musl@0.16.0':
    resolution: {integrity: sha512-I9WeYe1/YnrfXgXVaKkZITZzil0G0g9IknS2KJbq1lOnpTw3dwViXZ7XMa2cq6Mv7S+4SoDImb7fLQ59AfVX/w==}
    cpu: [arm64]
    os: [linux]
    libc: [musl]

  '@oxfmt/linux-x64-gnu@0.16.0':
    resolution: {integrity: sha512-Szg9lJtZdN5FoCnNbl3N/2pJv8d056NUmk51m60E2tZV7rvwRTrNC8HPc2sVdb1Ti5ogsicpZDYSWA3cwIrJIQ==}
    cpu: [x64]
    os: [linux]
    libc: [glibc]

  '@oxfmt/linux-x64-musl@0.16.0':
    resolution: {integrity: sha512-5koN8nl21ZxOADaMxXHT+mt3YjfXe1nsa23Fanf9aY7B0hcQ6rXYCZ7r5vmpoTtzW/US3aaVcRFZE1cyof+lKw==}
    cpu: [x64]
    os: [linux]
    libc: [musl]

  '@oxfmt/win32-arm64@0.16.0':
    resolution: {integrity: sha512-Jaesn+FYn+MudSmWJMPGBAa0PhQXo52Z0ZYeNfzbQP7v2GFbZBI3Cb87+K0aHGlpqK3VEJKXeIaASaTWlkgO1Q==}
    cpu: [arm64]
    os: [win32]

  '@oxfmt/win32-x64@0.16.0':
    resolution: {integrity: sha512-1obVSlb5blwBKgSsE1mNxvcq1pK9I6aXpZDy5d6jjGdrru33dHrH1ASChrcxwCukkToH2SxwYmnzAto0xeuZlw==}
    cpu: [x64]
    os: [win32]

  '@oxlint/binding-android-arm-eabi@1.51.0':
    resolution: {integrity: sha512-jJYIqbx4sX+suIxWstc4P7SzhEwb4ArWA2KVrmEuu9vH2i0qM6QIHz/ehmbGE4/2fZbpuMuBzTl7UkfNoqiSgw==}
    engines: {node: ^20.19.0 || >=22.12.0}
    cpu: [arm]
    os: [android]

  '@oxlint/binding-android-arm64@1.51.0':
    resolution: {integrity: sha512-GtXyBCcH4ti98YdiMNCrpBNGitx87EjEWxevnyhcBK12k/Vu4EzSB45rzSC4fGFUD6sQgeaxItRCEEWeVwPafw==}
    engines: {node: ^20.19.0 || >=22.12.0}
    cpu: [arm64]
    os: [android]

  '@oxlint/binding-darwin-arm64@1.51.0':
    resolution: {integrity: sha512-3QJbeYaMHn6Bh2XeBXuITSsbnIctyTjvHf5nRjKYrT9pPeErNIpp5VDEeAXC0CZSwSVTsc8WOSDwgrAI24JolQ==}
    engines: {node: ^20.19.0 || >=22.12.0}
    cpu: [arm64]
    os: [darwin]

  '@oxlint/binding-darwin-x64@1.51.0':
    resolution: {integrity: sha512-NzErhMaTEN1cY0E8C5APy74lw5VwsNfJfVPBMWPVQLqAbO0k4FFLjvHURvkUL+Y18Wu+8Vs1kbqPh2hjXYA4pg==}
    engines: {node: ^20.19.0 || >=22.12.0}
    cpu: [x64]
    os: [darwin]

  '@oxlint/binding-freebsd-x64@1.51.0':
    resolution: {integrity: sha512-msAIh3vPAoKoHlOE/oe6Q5C/n9umypv/k81lED82ibrJotn+3YG2Qp1kiR8o/Dg5iOEU97c6tl0utxcyFenpFw==}
    engines: {node: ^20.19.0 || >=22.12.0}
    cpu: [x64]
    os: [freebsd]

  '@oxlint/binding-linux-arm-gnueabihf@1.51.0':
    resolution: {integrity: sha512-CqQPcvqYyMe9ZBot2stjGogEzk1z8gGAngIX7srSzrzexmXixwVxBdFZyxTVM0CjGfDeV+Ru0w25/WNjlMM2Hw==}
    engines: {node: ^20.19.0 || >=22.12.0}
    cpu: [arm]
    os: [linux]

  '@oxlint/binding-linux-arm-musleabihf@1.51.0':
    resolution: {integrity: sha512-dstrlYQgZMnyOssxSbolGCge/sDbko12N/35RBNuqLpoPbft2aeBidBAb0dvQlyBd9RJ6u8D4o4Eh8Un6iTgyQ==}
    engines: {node: ^20.19.0 || >=22.12.0}
    cpu: [arm]
    os: [linux]

  '@oxlint/binding-linux-arm64-gnu@1.51.0':
    resolution: {integrity: sha512-QEjUpXO7d35rP1/raLGGbAsBLLGZIzV3ZbeSjqWlD3oRnxpRIZ6iL4o51XQHkconn3uKssc+1VKdtHJ81BBhDA==}
    engines: {node: ^20.19.0 || >=22.12.0}
    cpu: [arm64]
    os: [linux]
    libc: [glibc]

  '@oxlint/binding-linux-arm64-musl@1.51.0':
    resolution: {integrity: sha512-YSJua5irtG4DoMAjUapDTPhkQLHhBIY0G9JqlZS6/SZPzqDkPku/1GdWs0D6h/wyx0Iz31lNCfIaWKBQhzP0wQ==}
    engines: {node: ^20.19.0 || >=22.12.0}
    cpu: [arm64]
    os: [linux]
    libc: [musl]

  '@oxlint/binding-linux-ppc64-gnu@1.51.0':
    resolution: {integrity: sha512-7L4Wj2IEUNDETKssB9IDYt16T6WlF+X2jgC/hBq3diGHda9vJLpAgb09+D3quFq7TdkFtI7hwz/jmuQmQFPc1Q==}
    engines: {node: ^20.19.0 || >=22.12.0}
    cpu: [ppc64]
    os: [linux]
    libc: [glibc]

  '@oxlint/binding-linux-riscv64-gnu@1.51.0':
    resolution: {integrity: sha512-cBUHqtOXy76G41lOB401qpFoKx1xq17qYkhWrLSM7eEjiHM9sOtYqpr6ZdqCnN9s6ZpzudX4EkeHOFH2E9q0vA==}
    engines: {node: ^20.19.0 || >=22.12.0}
    cpu: [riscv64]
    os: [linux]
    libc: [glibc]

  '@oxlint/binding-linux-riscv64-musl@1.51.0':
    resolution: {integrity: sha512-WKbg8CysgZcHfZX0ixQFBRSBvFZUHa3SBnEjHY2FVYt2nbNJEjzTxA3ZR5wMU0NOCNKIAFUFvAh5/XJKPRJuJg==}
    engines: {node: ^20.19.0 || >=22.12.0}
    cpu: [riscv64]
    os: [linux]
    libc: [musl]

  '@oxlint/binding-linux-s390x-gnu@1.51.0':
    resolution: {integrity: sha512-N1QRUvJTxqXNSu35YOufdjsAVmKVx5bkrggOWAhTWBc3J4qjcBwr1IfyLh/6YCg8sYRSR1GraldS9jUgJL/U4A==}
    engines: {node: ^20.19.0 || >=22.12.0}
    cpu: [s390x]
    os: [linux]
    libc: [glibc]

  '@oxlint/binding-linux-x64-gnu@1.51.0':
    resolution: {integrity: sha512-e0Mz0DizsCoqNIjeOg6OUKe8JKJWZ5zZlwsd05Bmr51Jo3AOL4UJnPvwKumr4BBtBrDZkCmOLhCvDGm95nJM2g==}
    engines: {node: ^20.19.0 || >=22.12.0}
    cpu: [x64]
    os: [linux]
    libc: [glibc]

  '@oxlint/binding-linux-x64-musl@1.51.0':
    resolution: {integrity: sha512-wD8HGTWhYBKXvRDvoBVB1y+fEYV01samhWQSy1Zkxq2vpezvMnjaFKRuiP6tBNITLGuffbNDEXOwcAhJ3gI5Ug==}
    engines: {node: ^20.19.0 || >=22.12.0}
    cpu: [x64]
    os: [linux]
    libc: [musl]

  '@oxlint/binding-openharmony-arm64@1.51.0':
    resolution: {integrity: sha512-5NSwQ2hDEJ0GPXqikjWtwzgAQCsS7P9aLMNenjjKa+gknN3lTCwwwERsT6lKXSirfU3jLjexA2XQvQALh5h27w==}
    engines: {node: ^20.19.0 || >=22.12.0}
    cpu: [arm64]
    os: [openharmony]

  '@oxlint/binding-win32-arm64-msvc@1.51.0':
    resolution: {integrity: sha512-JEZyah1M0RHMw8d+jjSSJmSmO8sABA1J1RtrHYujGPeCkYg1NeH0TGuClpe2h5QtioRTaF57y/TZfn/2IFV6fA==}
    engines: {node: ^20.19.0 || >=22.12.0}
    cpu: [arm64]
    os: [win32]

  '@oxlint/binding-win32-ia32-msvc@1.51.0':
    resolution: {integrity: sha512-q3cEoKH6kwjz/WRyHwSf0nlD2F5Qw536kCXvmlSu+kaShzgrA0ojmh45CA81qL+7udfCaZL2SdKCZlLiGBVFlg==}
    engines: {node: ^20.19.0 || >=22.12.0}
    cpu: [ia32]
    os: [win32]

  '@oxlint/binding-win32-x64-msvc@1.51.0':
    resolution: {integrity: sha512-Q14+fOGb9T28nWF/0EUsYqERiRA7cl1oy4TJrGmLaqhm+aO2cV+JttboHI3CbdeMCAyDI1+NoSlrM7Melhp/cw==}
    engines: {node: ^20.19.0 || >=22.12.0}
    cpu: [x64]
    os: [win32]

  '@rolldown/binding-android-arm64@1.0.0-rc.8':
    resolution: {integrity: sha512-5bcmMQDWEfWUq3m79Mcf/kbO6e5Jr6YjKSsA1RnpXR6k73hQ9z1B17+4h93jXpzHvS18p7bQHM1HN/fSd+9zog==}
    engines: {node: ^20.19.0 || >=22.12.0}
    cpu: [arm64]
    os: [android]

  '@rolldown/binding-darwin-arm64@1.0.0-rc.8':
    resolution: {integrity: sha512-dcHPd5N4g9w2iiPRJmAvO0fsIWzF2JPr9oSuTjxLL56qu+oML5aMbBMNwWbk58Mt3pc7vYs9CCScwLxdXPdRsg==}
    engines: {node: ^20.19.0 || >=22.12.0}
    cpu: [arm64]
    os: [darwin]

  '@rolldown/binding-darwin-x64@1.0.0-rc.8':
    resolution: {integrity: sha512-mw0VzDvoj8AuR761QwpdCFN0sc/jspuc7eRYJetpLWd+XyansUrH3C7IgNw6swBOgQT9zBHNKsVCjzpfGJlhUA==}
    engines: {node: ^20.19.0 || >=22.12.0}
    cpu: [x64]
    os: [darwin]

  '@rolldown/binding-freebsd-x64@1.0.0-rc.8':
    resolution: {integrity: sha512-xNrRa6mQ9NmMIJBdJtPMPG8Mso0OhM526pDzc/EKnRrIrrkHD1E0Z6tONZRmUeJElfsQ6h44lQQCcDilSNIvSQ==}
    engines: {node: ^20.19.0 || >=22.12.0}
    cpu: [x64]
    os: [freebsd]

  '@rolldown/binding-linux-arm-gnueabihf@1.0.0-rc.8':
    resolution: {integrity: sha512-WgCKoO6O/rRUwimWfEJDeztwJJmuuX0N2bYLLRxmXDTtCwjToTOqk7Pashl/QpQn3H/jHjx0b5yCMbcTVYVpNg==}
    engines: {node: ^20.19.0 || >=22.12.0}
    cpu: [arm]
    os: [linux]

  '@rolldown/binding-linux-arm64-gnu@1.0.0-rc.8':
    resolution: {integrity: sha512-tOHgTOQa8G4Z3ULj4G3NYOGGJEsqPHR91dT72u63OtVsZ7B6wFJKOx+ZKv+pvwzxWz92/I2ycaqi2/Ll4l+rlg==}
    engines: {node: ^20.19.0 || >=22.12.0}
    cpu: [arm64]
    os: [linux]
    libc: [glibc]

  '@rolldown/binding-linux-arm64-musl@1.0.0-rc.8':
    resolution: {integrity: sha512-oRbxcgDujCi2Yp1GTxoUFsIFlZsuPHU4OV4AzNc3/6aUmR4lfm9FK0uwQu82PJsuUwnF2jFdop3Ep5c1uK7Uxg==}
    engines: {node: ^20.19.0 || >=22.12.0}
    cpu: [arm64]
    os: [linux]
    libc: [musl]

  '@rolldown/binding-linux-ppc64-gnu@1.0.0-rc.8':
    resolution: {integrity: sha512-oaLRyUHw8kQE5M89RqrDJZ10GdmGJcMeCo8tvaE4ukOofqgjV84AbqBSH6tTPjeT2BHv+xlKj678GBuIb47lKA==}
    engines: {node: ^20.19.0 || >=22.12.0}
    cpu: [ppc64]
    os: [linux]
    libc: [glibc]

  '@rolldown/binding-linux-s390x-gnu@1.0.0-rc.8':
    resolution: {integrity: sha512-1hjSKFrod5MwBBdLOOA0zpUuSfSDkYIY+QqcMcIU1WOtswZtZdUkcFcZza9b2HcAb0bnpmmyo0LZcaxLb2ov1g==}
    engines: {node: ^20.19.0 || >=22.12.0}
    cpu: [s390x]
    os: [linux]
    libc: [glibc]

  '@rolldown/binding-linux-x64-gnu@1.0.0-rc.8':
    resolution: {integrity: sha512-a1+F0aV4Wy9tT3o+cHl3XhOy6aFV+B8Ll+/JFj98oGkb6lGk3BNgrxd+80RwYRVd23oLGvj3LwluKYzlv1PEuw==}
    engines: {node: ^20.19.0 || >=22.12.0}
    cpu: [x64]
    os: [linux]
    libc: [glibc]

  '@rolldown/binding-linux-x64-musl@1.0.0-rc.8':
    resolution: {integrity: sha512-bGyXCFU11seFrf7z8PcHSwGEiFVkZ9vs+auLacVOQrVsI8PFHJzzJROF3P6b0ODDmXr0m6Tj5FlDhcXVk0Jp8w==}
    engines: {node: ^20.19.0 || >=22.12.0}
    cpu: [x64]
    os: [linux]
    libc: [musl]

  '@rolldown/binding-openharmony-arm64@1.0.0-rc.8':
    resolution: {integrity: sha512-n8d+L2bKgf9G3+AM0bhHFWdlz9vYKNim39ujRTieukdRek0RAo2TfG2uEnV9spa4r4oHUfL9IjcY3M9SlqN1gw==}
    engines: {node: ^20.19.0 || >=22.12.0}
    cpu: [arm64]
    os: [openharmony]

  '@rolldown/binding-wasm32-wasi@1.0.0-rc.8':
    resolution: {integrity: sha512-4R4iJDIk7BrJdteAbEAICXPoA7vZoY/M0OBfcRlQxzQvUYMcEp2GbC/C8UOgQJhu2TjGTpX1H8vVO1xHWcRqQA==}
    engines: {node: '>=14.0.0'}
    cpu: [wasm32]

  '@rolldown/binding-win32-arm64-msvc@1.0.0-rc.8':
    resolution: {integrity: sha512-3lwnklba9qQOpFnQ7EW+A1m4bZTWXZE4jtehsZ0YOl2ivW1FQqp5gY7X2DLuKITggesyuLwcmqS11fA7NtrmrA==}
    engines: {node: ^20.19.0 || >=22.12.0}
    cpu: [arm64]
    os: [win32]

  '@rolldown/binding-win32-x64-msvc@1.0.0-rc.8':
    resolution: {integrity: sha512-VGjCx9Ha1P/r3tXGDZyG0Fcq7Q0Afnk64aaKzr1m40vbn1FL8R3W0V1ELDvPgzLXaaqK/9PnsqSaLWXfn6JtGQ==}
    engines: {node: ^20.19.0 || >=22.12.0}
    cpu: [x64]
    os: [win32]

  '@rolldown/pluginutils@1.0.0-rc.7':
    resolution: {integrity: sha512-qujRfC8sFVInYSPPMLQByRh7zhwkGFS4+tyMQ83srV1qrxL4g8E2tyxVVyxd0+8QeBM1mIk9KbWxkegRr76XzA==}

  '@rolldown/pluginutils@1.0.0-rc.8':
    resolution: {integrity: sha512-wzJwL82/arVfeSP3BLr1oTy40XddjtEdrdgtJ4lLRBu06mP3q/8HGM6K0JRlQuTA3XB0pNJx2so/nmpY4xyOew==}

  '@swc/helpers@0.5.19':
    resolution: {integrity: sha512-QamiFeIK3txNjgUTNppE6MiG3p7TdninpZu0E0PbqVh1a9FNLT2FRhisaa4NcaX52XVhA5l7Pk58Ft7Sqi/2sA==}

  '@tailwindcss/node@4.2.1':
    resolution: {integrity: sha512-jlx6sLk4EOwO6hHe1oCGm1Q4AN/s0rSrTTPBGPM0/RQ6Uylwq17FuU8IeJJKEjtc6K6O07zsvP+gDO6MMWo7pg==}

  '@tailwindcss/oxide-android-arm64@4.2.1':
    resolution: {integrity: sha512-eZ7G1Zm5EC8OOKaesIKuw77jw++QJ2lL9N+dDpdQiAB/c/B2wDh0QPFHbkBVrXnwNugvrbJFk1gK2SsVjwWReg==}
    engines: {node: '>= 20'}
    cpu: [arm64]
    os: [android]

  '@tailwindcss/oxide-darwin-arm64@4.2.1':
    resolution: {integrity: sha512-q/LHkOstoJ7pI1J0q6djesLzRvQSIfEto148ppAd+BVQK0JYjQIFSK3JgYZJa+Yzi0DDa52ZsQx2rqytBnf8Hw==}
    engines: {node: '>= 20'}
    cpu: [arm64]
    os: [darwin]

  '@tailwindcss/oxide-darwin-x64@4.2.1':
    resolution: {integrity: sha512-/f/ozlaXGY6QLbpvd/kFTro2l18f7dHKpB+ieXz+Cijl4Mt9AI2rTrpq7V+t04nK+j9XBQHnSMdeQRhbGyt6fw==}
    engines: {node: '>= 20'}
    cpu: [x64]
    os: [darwin]

  '@tailwindcss/oxide-freebsd-x64@4.2.1':
    resolution: {integrity: sha512-5e/AkgYJT/cpbkys/OU2Ei2jdETCLlifwm7ogMC7/hksI2fC3iiq6OcXwjibcIjPung0kRtR3TxEITkqgn0TcA==}
    engines: {node: '>= 20'}
    cpu: [x64]
    os: [freebsd]

  '@tailwindcss/oxide-linux-arm-gnueabihf@4.2.1':
    resolution: {integrity: sha512-Uny1EcVTTmerCKt/1ZuKTkb0x8ZaiuYucg2/kImO5A5Y/kBz41/+j0gxUZl+hTF3xkWpDmHX+TaWhOtba2Fyuw==}
    engines: {node: '>= 20'}
    cpu: [arm]
    os: [linux]

  '@tailwindcss/oxide-linux-arm64-gnu@4.2.1':
    resolution: {integrity: sha512-CTrwomI+c7n6aSSQlsPL0roRiNMDQ/YzMD9EjcR+H4f0I1SQ8QqIuPnsVp7QgMkC1Qi8rtkekLkOFjo7OlEFRQ==}
    engines: {node: '>= 20'}
    cpu: [arm64]
    os: [linux]
    libc: [glibc]

  '@tailwindcss/oxide-linux-arm64-musl@4.2.1':
    resolution: {integrity: sha512-WZA0CHRL/SP1TRbA5mp9htsppSEkWuQ4KsSUumYQnyl8ZdT39ntwqmz4IUHGN6p4XdSlYfJwM4rRzZLShHsGAQ==}
    engines: {node: '>= 20'}
    cpu: [arm64]
    os: [linux]
    libc: [musl]

  '@tailwindcss/oxide-linux-x64-gnu@4.2.1':
    resolution: {integrity: sha512-qMFzxI2YlBOLW5PhblzuSWlWfwLHaneBE0xHzLrBgNtqN6mWfs+qYbhryGSXQjFYB1Dzf5w+LN5qbUTPhW7Y5g==}
    engines: {node: '>= 20'}
    cpu: [x64]
    os: [linux]
    libc: [glibc]

  '@tailwindcss/oxide-linux-x64-musl@4.2.1':
    resolution: {integrity: sha512-5r1X2FKnCMUPlXTWRYpHdPYUY6a1Ar/t7P24OuiEdEOmms5lyqjDRvVY1yy9Rmioh+AunQ0rWiOTPE8F9A3v5g==}
    engines: {node: '>= 20'}
    cpu: [x64]
    os: [linux]
    libc: [musl]

  '@tailwindcss/oxide-wasm32-wasi@4.2.1':
    resolution: {integrity: sha512-MGFB5cVPvshR85MTJkEvqDUnuNoysrsRxd6vnk1Lf2tbiqNlXpHYZqkqOQalydienEWOHHFyyuTSYRsLfxFJ2Q==}
    engines: {node: '>=14.0.0'}
    cpu: [wasm32]
    bundledDependencies:
      - '@napi-rs/wasm-runtime'
      - '@emnapi/core'
      - '@emnapi/runtime'
      - '@tybys/wasm-util'
      - '@emnapi/wasi-threads'
      - tslib

  '@tailwindcss/oxide-win32-arm64-msvc@4.2.1':
    resolution: {integrity: sha512-YlUEHRHBGnCMh4Nj4GnqQyBtsshUPdiNroZj8VPkvTZSoHsilRCwXcVKnG9kyi0ZFAS/3u+qKHBdDc81SADTRA==}
    engines: {node: '>= 20'}
    cpu: [arm64]
    os: [win32]

  '@tailwindcss/oxide-win32-x64-msvc@4.2.1':
    resolution: {integrity: sha512-rbO34G5sMWWyrN/idLeVxAZgAKWrn5LiR3/I90Q9MkA67s6T1oB0xtTe+0heoBvHSpbU9Mk7i6uwJnpo4u21XQ==}
    engines: {node: '>= 20'}
    cpu: [x64]
    os: [win32]

  '@tailwindcss/oxide@4.2.1':
    resolution: {integrity: sha512-yv9jeEFWnjKCI6/T3Oq50yQEOqmpmpfzG1hcZsAOaXFQPfzWprWrlHSdGPEF3WQTi8zu8ohC9Mh9J470nT5pUw==}
    engines: {node: '>= 20'}

  '@tailwindcss/vite@4.2.1':
    resolution: {integrity: sha512-TBf2sJjYeb28jD2U/OhwdW0bbOsxkWPwQ7SrqGf9sVcoYwZj7rkXljroBO9wKBut9XnmQLXanuDUeqQK0lGg/w==}
    peerDependencies:
      vite: ^5.2.0 || ^6 || ^7

  '@tybys/wasm-util@0.10.1':
    resolution: {integrity: sha512-9tTaPJLSiejZKx+Bmog4uSubteqTvFrVrURwkmHixBo0G4seD0zUxp98E1DzUBJxLQ3NPwXrGKDiVjwx/DpPsg==}

  '@types/estree@1.0.8':
    resolution: {integrity: sha512-dWHzHa2WqEXI/O1E9OjrocMTKJl2mSrEolh1Iomrv6U+JuNwaHXsXx9bLu5gG7BUWFIN0skIQJQ/L1rIex4X6w==}

  '@types/node@24.12.0':
    resolution: {integrity: sha512-GYDxsZi3ChgmckRT9HPU0WEhKLP08ev/Yfcq2AstjrDASOYCSXeyjDsHg4v5t4jOj7cyDX3vmprafKlWIG9MXQ==}

  '@types/react-dom@19.2.3':
    resolution: {integrity: sha512-jp2L/eY6fn+KgVVQAOqYItbF0VY/YApe5Mz2F0aykSO8gx31bYCZyvSeYxCHKvzHG5eZjc+zyaS5BrBWya2+kQ==}
    peerDependencies:
      '@types/react': ^19.2.0

  '@types/react@19.2.14':
    resolution: {integrity: sha512-ilcTH/UniCkMdtexkoCN0bI7pMcJDvmQFPvuPvmEaYA/NSfFTAgdUSLAoVjaRJm7+6PvcM+q1zYOwS4wTYMF9w==}

  '@vitejs/plugin-react@6.0.0':
    resolution: {integrity: sha512-Bu5/eP6td3WI654+tRq+ryW1PbgA90y5pqMKpb3U7UpNk6VjI53P/ncPUd192U9dSrepLy7DHnq1XEMDz5H++w==}
    engines: {node: ^20.19.0 || >=22.12.0}
    peerDependencies:
      '@rolldown/plugin-babel': ^0.1.7
      babel-plugin-react-compiler: ^1.0.0
      vite: ^8.0.0
    peerDependenciesMeta:
      '@rolldown/plugin-babel':
        optional: true
      babel-plugin-react-compiler:
        optional: true

  acorn@8.16.0:
    resolution: {integrity: sha512-UVJyE9MttOsBQIDKw1skb9nAwQuR5wuGD3+82K6JgJlm/Y+KI92oNsMNGZCYdDsVtRHSak0pcV5Dno5+4jh9sw==}
    engines: {node: '>=0.4.0'}
    hasBin: true

  base64-js@1.5.1:
    resolution: {integrity: sha512-AKpaYlHn8t4SVbOHCy+b5+KKgvR4vrsD8vbvrbiQJps7fKDTkjkDry6ji0rUJjC0kzbNePLwzxq8iypo41qeWA==}

  brotli@1.3.3:
    resolution: {integrity: sha512-oTKjJdShmDuGW94SyyaoQvAjf30dZaHnjJ8uAF+u2/vGJkJbJPJAT1gDiOJP5v1Zb6f9KEyW/1HpuaWIXtGHPg==}

  class-variance-authority@0.7.1:
    resolution: {integrity: sha512-Ka+9Trutv7G8M6WT6SeiRWz792K5qEqIGEGzXKhAE6xOWAY6pPH8U+9IY3oCMv6kqTmLsv7Xh/2w2RigkePMsg==}

  clone@2.1.2:
    resolution: {integrity: sha512-3Pe/CF1Nn94hyhIYpjtiLhdCoEoz0DqQ+988E9gmeEdQZlojxnOb74wctFyuwWQHzqyf9X7C7MG8juUpqBJT8w==}
    engines: {node: '>=0.8'}

  clsx@2.1.1:
    resolution: {integrity: sha512-eYm0QWBtUrBWZWG0d386OGAw16Z995PiOVo2B7bjWSbHedGl5e0ZWaq65kOGgUSNesEIDkB9ISbTg/JK9dhCZA==}
    engines: {node: '>=6'}

  confbox@0.1.8:
    resolution: {integrity: sha512-RMtmw0iFkeR4YV+fUOSucriAQNb9g8zFR52MWCtl+cCZOFRNL6zeB395vPzFhEjjn4fMxXudmELnl/KF/WrK6w==}

  css-tree@3.2.1:
    resolution: {integrity: sha512-X7sjQzceUhu1u7Y/ylrRZFU2FS6LRiFVp6rKLPg23y3x3c3DOKAwuXGDp+PAGjh6CSnCjYeAul8pcT8bAl+lSA==}
    engines: {node: ^10 || ^12.20.0 || ^14.13.0 || >=15.0.0}

  csstype@3.2.3:
    resolution: {integrity: sha512-z1HGKcYy2xA8AGQfwrn0PAy+PB7X/GSj3UVJW9qKyn43xWa+gl5nXmU4qqLMRzWVLFC8KusUX8T/0kCiOYpAIQ==}

  detect-libc@2.1.2:
    resolution: {integrity: sha512-Btj2BOOO83o3WyH59e8MgXsxEQVcarkUOpEYrubB0urwnN10yQ364rsiByU11nZlqWYZm05i/of7io4mzihBtQ==}
    engines: {node: '>=8'}

  dfa@1.2.0:
    resolution: {integrity: sha512-ED3jP8saaweFTjeGX8HQPjeC1YYyZs98jGNZx6IiBvxW7JG5v492kamAQB3m2wop07CvU/RQmzcKr6bgcC5D/Q==}

  enhanced-resolve@5.20.0:
    resolution: {integrity: sha512-/ce7+jQ1PQ6rVXwe+jKEg5hW5ciicHwIQUagZkp6IufBoY3YDgdTTY1azVs0qoRgVmvsNB+rbjLJxDAeHHtwsQ==}
    engines: {node: '>=10.13.0'}

  estree-walker@3.0.3:
    resolution: {integrity: sha512-7RUKfXgSMMkzt6ZuXmqapOurLGPPfgj6l9uRZ7lRGolvk0y2yocc35LdcxKC5PQZdn2DMqioAQ2NoWcrTKmm6g==}

  fast-deep-equal@3.1.3:
    resolution: {integrity: sha512-f3qQ9oQy9j2AhBe/H9VC91wLmKBCCU/gDOnKNAYG5hswO7BLKj09Hc5HYNz9cGI++xlpDCIgDaitVs03ATR84Q==}

  fdir@6.5.0:
    resolution: {integrity: sha512-tIbYtZbucOs0BRGqPJkshJUYdL+SDH7dVM8gjy+ERp3WAUjLEFJE+02kanyHtwjWOnwrKYBiwAmM0p4kLJAnXg==}
    engines: {node: '>=12.0.0'}
    peerDependencies:
      picomatch: ^3 || ^4
    peerDependenciesMeta:
      picomatch:
        optional: true

  fontaine@0.7.0:
    resolution: {integrity: sha512-vlaWLyoJrOnCBqycmFo/CA8ZmPzuyJHYmgu261KYKByZ4YLz9sTyHZ4qoHgWSYiDsZXhiLo2XndVMz0WOAyZ8Q==}
    engines: {node: '>=18.12.0'}

  fontkit@2.0.4:
    resolution: {integrity: sha512-syetQadaUEDNdxdugga9CpEYVaQIxOwk7GlwZWWZ19//qW4zE5bknOKeMBDYAASwnpaSHKJITRLMF9m1fp3s6g==}

  fsevents@2.3.3:
    resolution: {integrity: sha512-5xoDfX+fL7faATnagmWPpbFtwh/R77WmMMqqHGS65C3vvB0YHrgF+B1YmZ3441tMj5n63k0212XNoJwzlhffQw==}
    engines: {node: ^8.16.0 || ^10.6.0 || >=11.0.0}
    os: [darwin]

  graceful-fs@4.2.11:
    resolution: {integrity: sha512-RbJ5/jmFcNNCcDV5o9eTnBLJ/HszWV0P73bc+Ff4nS/rJj+YaS6IGyiOL0VoBYX+l1Wrl3k63h/KrH+nhJ0XvQ==}

  jiti@2.6.1:
    resolution: {integrity: sha512-ekilCSN1jwRvIbgeg/57YFh8qQDNbwDb9xT/qu2DAHbFFZUicIl4ygVaAvzveMhMVr3LnpSKTNnwt8PoOfmKhQ==}
    hasBin: true

  lightningcss-android-arm64@1.31.1:
    resolution: {integrity: sha512-HXJF3x8w9nQ4jbXRiNppBCqeZPIAfUo8zE/kOEGbW5NZvGc/K7nMxbhIr+YlFlHW5mpbg/YFPdbnCh1wAXCKFg==}
    engines: {node: '>= 12.0.0'}
    cpu: [arm64]
    os: [android]

  lightningcss-android-arm64@1.32.0:
    resolution: {integrity: sha512-YK7/ClTt4kAK0vo6w3X+Pnm0D2cf2vPHbhOXdoNti1Ga0al1P4TBZhwjATvjNwLEBCnKvjJc2jQgHXH0NEwlAg==}
    engines: {node: '>= 12.0.0'}
    cpu: [arm64]
    os: [android]

  lightningcss-darwin-arm64@1.31.1:
    resolution: {integrity: sha512-02uTEqf3vIfNMq3h/z2cJfcOXnQ0GRwQrkmPafhueLb2h7mqEidiCzkE4gBMEH65abHRiQvhdcQ+aP0D0g67sg==}
    engines: {node: '>= 12.0.0'}
    cpu: [arm64]
    os: [darwin]

  lightningcss-darwin-arm64@1.32.0:
    resolution: {integrity: sha512-RzeG9Ju5bag2Bv1/lwlVJvBE3q6TtXskdZLLCyfg5pt+HLz9BqlICO7LZM7VHNTTn/5PRhHFBSjk5lc4cmscPQ==}
    engines: {node: '>= 12.0.0'}
    cpu: [arm64]
    os: [darwin]

  lightningcss-darwin-x64@1.31.1:
    resolution: {integrity: sha512-1ObhyoCY+tGxtsz1lSx5NXCj3nirk0Y0kB/g8B8DT+sSx4G9djitg9ejFnjb3gJNWo7qXH4DIy2SUHvpoFwfTA==}
    engines: {node: '>= 12.0.0'}
    cpu: [x64]
    os: [darwin]

  lightningcss-darwin-x64@1.32.0:
    resolution: {integrity: sha512-U+QsBp2m/s2wqpUYT/6wnlagdZbtZdndSmut/NJqlCcMLTWp5muCrID+K5UJ6jqD2BFshejCYXniPDbNh73V8w==}
    engines: {node: '>= 12.0.0'}
    cpu: [x64]
    os: [darwin]

  lightningcss-freebsd-x64@1.31.1:
    resolution: {integrity: sha512-1RINmQKAItO6ISxYgPwszQE1BrsVU5aB45ho6O42mu96UiZBxEXsuQ7cJW4zs4CEodPUioj/QrXW1r9pLUM74A==}
    engines: {node: '>= 12.0.0'}
    cpu: [x64]
    os: [freebsd]

  lightningcss-freebsd-x64@1.32.0:
    resolution: {integrity: sha512-JCTigedEksZk3tHTTthnMdVfGf61Fky8Ji2E4YjUTEQX14xiy/lTzXnu1vwiZe3bYe0q+SpsSH/CTeDXK6WHig==}
    engines: {node: '>= 12.0.0'}
    cpu: [x64]
    os: [freebsd]

  lightningcss-linux-arm-gnueabihf@1.31.1:
    resolution: {integrity: sha512-OOCm2//MZJ87CdDK62rZIu+aw9gBv4azMJuA8/KB74wmfS3lnC4yoPHm0uXZ/dvNNHmnZnB8XLAZzObeG0nS1g==}
    engines: {node: '>= 12.0.0'}
    cpu: [arm]
    os: [linux]

  lightningcss-linux-arm-gnueabihf@1.32.0:
    resolution: {integrity: sha512-x6rnnpRa2GL0zQOkt6rts3YDPzduLpWvwAF6EMhXFVZXD4tPrBkEFqzGowzCsIWsPjqSK+tyNEODUBXeeVHSkw==}
    engines: {node: '>= 12.0.0'}
    cpu: [arm]
    os: [linux]

  lightningcss-linux-arm64-gnu@1.31.1:
    resolution: {integrity: sha512-WKyLWztD71rTnou4xAD5kQT+982wvca7E6QoLpoawZ1gP9JM0GJj4Tp5jMUh9B3AitHbRZ2/H3W5xQmdEOUlLg==}
    engines: {node: '>= 12.0.0'}
    cpu: [arm64]
    os: [linux]
    libc: [glibc]

  lightningcss-linux-arm64-gnu@1.32.0:
    resolution: {integrity: sha512-0nnMyoyOLRJXfbMOilaSRcLH3Jw5z9HDNGfT/gwCPgaDjnx0i8w7vBzFLFR1f6CMLKF8gVbebmkUN3fa/kQJpQ==}
    engines: {node: '>= 12.0.0'}
    cpu: [arm64]
    os: [linux]
    libc: [glibc]

  lightningcss-linux-arm64-musl@1.31.1:
    resolution: {integrity: sha512-mVZ7Pg2zIbe3XlNbZJdjs86YViQFoJSpc41CbVmKBPiGmC4YrfeOyz65ms2qpAobVd7WQsbW4PdsSJEMymyIMg==}
    engines: {node: '>= 12.0.0'}
    cpu: [arm64]
    os: [linux]
    libc: [musl]

  lightningcss-linux-arm64-musl@1.32.0:
    resolution: {integrity: sha512-UpQkoenr4UJEzgVIYpI80lDFvRmPVg6oqboNHfoH4CQIfNA+HOrZ7Mo7KZP02dC6LjghPQJeBsvXhJod/wnIBg==}
    engines: {node: '>= 12.0.0'}
    cpu: [arm64]
    os: [linux]
    libc: [musl]

  lightningcss-linux-x64-gnu@1.31.1:
    resolution: {integrity: sha512-xGlFWRMl+0KvUhgySdIaReQdB4FNudfUTARn7q0hh/V67PVGCs3ADFjw+6++kG1RNd0zdGRlEKa+T13/tQjPMA==}
    engines: {node: '>= 12.0.0'}
    cpu: [x64]
    os: [linux]
    libc: [glibc]

  lightningcss-linux-x64-gnu@1.32.0:
    resolution: {integrity: sha512-V7Qr52IhZmdKPVr+Vtw8o+WLsQJYCTd8loIfpDaMRWGUZfBOYEJeyJIkqGIDMZPwPx24pUMfwSxxI8phr/MbOA==}
    engines: {node: '>= 12.0.0'}
    cpu: [x64]
    os: [linux]
    libc: [glibc]

  lightningcss-linux-x64-musl@1.31.1:
    resolution: {integrity: sha512-eowF8PrKHw9LpoZii5tdZwnBcYDxRw2rRCyvAXLi34iyeYfqCQNA9rmUM0ce62NlPhCvof1+9ivRaTY6pSKDaA==}
    engines: {node: '>= 12.0.0'}
    cpu: [x64]
    os: [linux]
    libc: [musl]

  lightningcss-linux-x64-musl@1.32.0:
    resolution: {integrity: sha512-bYcLp+Vb0awsiXg/80uCRezCYHNg1/l3mt0gzHnWV9XP1W5sKa5/TCdGWaR/zBM2PeF/HbsQv/j2URNOiVuxWg==}
    engines: {node: '>= 12.0.0'}
    cpu: [x64]
    os: [linux]
    libc: [musl]

  lightningcss-win32-arm64-msvc@1.31.1:
    resolution: {integrity: sha512-aJReEbSEQzx1uBlQizAOBSjcmr9dCdL3XuC/6HLXAxmtErsj2ICo5yYggg1qOODQMtnjNQv2UHb9NpOuFtYe4w==}
    engines: {node: '>= 12.0.0'}
    cpu: [arm64]
    os: [win32]

  lightningcss-win32-arm64-msvc@1.32.0:
    resolution: {integrity: sha512-8SbC8BR40pS6baCM8sbtYDSwEVQd4JlFTOlaD3gWGHfThTcABnNDBda6eTZeqbofalIJhFx0qKzgHJmcPTnGdw==}
    engines: {node: '>= 12.0.0'}
    cpu: [arm64]
    os: [win32]

  lightningcss-win32-x64-msvc@1.31.1:
    resolution: {integrity: sha512-I9aiFrbd7oYHwlnQDqr1Roz+fTz61oDDJX7n9tYF9FJymH1cIN1DtKw3iYt6b8WZgEjoNwVSncwF4wx/ZedMhw==}
    engines: {node: '>= 12.0.0'}
    cpu: [x64]
    os: [win32]

  lightningcss-win32-x64-msvc@1.32.0:
    resolution: {integrity: sha512-Amq9B/SoZYdDi1kFrojnoqPLxYhQ4Wo5XiL8EVJrVsB8ARoC1PWW6VGtT0WKCemjy8aC+louJnjS7U18x3b06Q==}
    engines: {node: '>= 12.0.0'}
    cpu: [x64]
    os: [win32]

  lightningcss@1.31.1:
    resolution: {integrity: sha512-l51N2r93WmGUye3WuFoN5k10zyvrVs0qfKBhyC5ogUQ6Ew6JUSswh78mbSO+IU3nTWsyOArqPCcShdQSadghBQ==}
    engines: {node: '>= 12.0.0'}

  lightningcss@1.32.0:
    resolution: {integrity: sha512-NXYBzinNrblfraPGyrbPoD19C1h9lfI/1mzgWYvXUTe414Gz/X1FD2XBZSZM7rRTrMA8JL3OtAaGifrIKhQ5yQ==}
    engines: {node: '>= 12.0.0'}

  lucide-react@0.554.0:
    resolution: {integrity: sha512-St+z29uthEJVx0Is7ellNkgTEhaeSoA42I7JjOCBCrc5X6LYMGSv0P/2uS5HDLTExP5tpiqRD2PyUEOS6s9UXA==}
    peerDependencies:
      react: ^16.5.1 || ^17.0.0 || ^18.0.0 || ^19.0.0

  magic-regexp@0.10.0:
    resolution: {integrity: sha512-Uly1Bu4lO1hwHUW0CQeSWuRtzCMNO00CmXtS8N6fyvB3B979GOEEeAkiTUDsmbYLAbvpUS/Kt5c4ibosAzVyVg==}

  magic-string@0.30.21:
    resolution: {integrity: sha512-vd2F4YUyEXKGcLHoq+TEyCjxueSeHnFxyyjNp80yg0XV4vUhnDer/lvvlqM/arB5bXQN5K2/3oinyCRyx8T2CQ==}

  mdn-data@2.27.1:
    resolution: {integrity: sha512-9Yubnt3e8A0OKwxYSXyhLymGW4sCufcLG6VdiDdUGVkPhpqLxlvP5vl1983gQjJl3tqbrM731mjaZaP68AgosQ==}

  mlly@1.8.1:
    resolution: {integrity: sha512-SnL6sNutTwRWWR/vcmCYHSADjiEesp5TGQQ0pXyLhW5IoeibRlF/CbSLailbB3CNqJUk9cVJ9dUDnbD7GrcHBQ==}

  nanoid@3.3.11:
    resolution: {integrity: sha512-N8SpfPUnUp1bK+PMYW8qSWdl9U+wwNWI4QKxOYDy9JAro3WMX7p2OeVRF9v+347pnakNevPmiHhNmZ2HbFA76w==}
    engines: {node: ^10 || ^12 || ^13.7 || ^14 || >=15.0.1}
    hasBin: true

  oxfmt@0.16.0:
    resolution: {integrity: sha512-uRnnBAN0zH07FXSfvSKbIw+Jrohv4Px2RwNiZOGI4/pvns4sx0+k4WSt+tqwd7bDeoWaXiGmhZgnbK63hi6hVQ==}
    engines: {node: ^20.19.0 || >=22.12.0}
    hasBin: true

  oxlint@1.51.0:
    resolution: {integrity: sha512-g6DNPaV9/WI9MoX2XllafxQuxwY1TV++j7hP8fTJByVBuCoVtm3dy9f/2vtH/HU40JztcgWF4G7ua+gkainklQ==}
    engines: {node: ^20.19.0 || >=22.12.0}
    hasBin: true
    peerDependencies:
      oxlint-tsgolint: '>=0.15.0'
    peerDependenciesMeta:
      oxlint-tsgolint:
        optional: true

  pako@0.2.9:
    resolution: {integrity: sha512-NUcwaKxUxWrZLpDG+z/xZaCgQITkA/Dv4V/T6bw7VON6l1Xz/VnrBqrYjZQ12TamKHzITTfOEIYUj48y2KXImA==}

  pathe@2.0.3:
    resolution: {integrity: sha512-WUjGcAqP1gQacoQe+OBJsFA7Ld4DyXuUIjZ5cc75cLHvJ7dtNsTugphxIADwspS+AraAUePCKrSVtPLFj/F88w==}

  picocolors@1.1.1:
    resolution: {integrity: sha512-xceH2snhtb5M9liqDsmEw56le376mTZkEX/jEb/RxNFyegNul7eNslCXP9FDj/Lcu0X8KEyMceP2ntpaHrDEVA==}

  picomatch@4.0.3:
    resolution: {integrity: sha512-5gTmgEY/sqK6gFXLIsQNH19lWb4ebPDLA4SdLP7dsWkIXHWlG66oPuVvXSGFPppYZz8ZDZq0dYYrbHfBCVUb1Q==}
    engines: {node: '>=12'}

  pkg-types@1.3.1:
    resolution: {integrity: sha512-/Jm5M4RvtBFVkKWRu2BLUTNP8/M2a+UwuAX+ae4770q1qVGtfjG+WTCupoZixokjmHiry8uI+dlY8KXYV5HVVQ==}

  postcss@8.5.8:
    resolution: {integrity: sha512-OW/rX8O/jXnm82Ey1k44pObPtdblfiuWnrd8X7GJ7emImCOstunGbXUpp7HdBrFQX6rJzn3sPT397Wp5aCwCHg==}
    engines: {node: ^10 || ^12 || >=14}

  react-dom@19.2.4:
    resolution: {integrity: sha512-AXJdLo8kgMbimY95O2aKQqsz2iWi9jMgKJhRBAxECE4IFxfcazB2LmzloIoibJI3C12IlY20+KFaLv+71bUJeQ==}
    peerDependencies:
      react: ^19.2.4

  react@19.2.4:
    resolution: {integrity: sha512-9nfp2hYpCwOjAN+8TZFGhtWEwgvWHXqESH8qT89AT/lWklpLON22Lc8pEtnpsZz7VmawabSU0gCjnj8aC0euHQ==}
    engines: {node: '>=0.10.0'}

  regexp-tree@0.1.27:
    resolution: {integrity: sha512-iETxpjK6YoRWJG5o6hXLwvjYAoW+FEZn9os0PD/b6AP6xQwsa/Y7lCVgIixBbUPMfhu+i2LtdeAqVTgGlQarfA==}
    hasBin: true

  restructure@3.0.2:
    resolution: {integrity: sha512-gSfoiOEA0VPE6Tukkrr7I0RBdE0s7H1eFCDBk05l1KIQT1UIKNc5JZy6jdyW6eYH3aR3g5b3PuL77rq0hvwtAw==}

  rolldown@1.0.0-rc.8:
    resolution: {integrity: sha512-RGOL7mz/aoQpy/y+/XS9iePBfeNRDUdozrhCEJxdpJyimW8v6yp4c30q6OviUU5AnUJVLRL9GP//HUs6N3ALrQ==}
    engines: {node: ^20.19.0 || >=22.12.0}
    hasBin: true

  scheduler@0.27.0:
    resolution: {integrity: sha512-eNv+WrVbKu1f3vbYJT/xtiF5syA5HPIMtf9IgY/nKg0sWqzAUEvqY/xm7OcZc/qafLx/iO9FgOmeSAp4v5ti/Q==}

  source-map-js@1.2.1:
    resolution: {integrity: sha512-UXWMKhLOwVKb728IUtQPXxfYU+usdybtUrK/8uGE8CQMvrhOpwvzDBwj0QhSL7MQc7vIsISBG8VQ8+IDQxpfQA==}
    engines: {node: '>=0.10.0'}

  tailwind-merge@3.5.0:
    resolution: {integrity: sha512-I8K9wewnVDkL1NTGoqWmVEIlUcB9gFriAEkXkfCjX5ib8ezGxtR3xD7iZIxrfArjEsH7F1CHD4RFUtxefdqV/A==}

  tailwindcss@4.2.1:
    resolution: {integrity: sha512-/tBrSQ36vCleJkAOsy9kbNTgaxvGbyOamC30PRePTQe/o1MFwEKHQk4Cn7BNGaPtjp+PuUrByJehM1hgxfq4sw==}

  tapable@2.3.0:
    resolution: {integrity: sha512-g9ljZiwki/LfxmQADO3dEY1CbpmXT5Hm2fJ+QaGKwSXUylMybePR7/67YW7jOrrvjEgL1Fmz5kzyAjWVWLlucg==}
    engines: {node: '>=6'}

  tiny-inflate@1.0.3:
    resolution: {integrity: sha512-pkY1fj1cKHb2seWDy0B16HeWyczlJA9/WW3u3c4z/NiWDsO3DOU5D7nhTLE9CF0yXv/QZFY7sEJmj24dK+Rrqw==}

  tinyglobby@0.2.15:
    resolution: {integrity: sha512-j2Zq4NyQYG5XMST4cbs02Ak8iJUdxRM0XI5QyxXuZOzKOINmWurp3smXu3y5wDcJrptwpSjgXHzIQxR0omXljQ==}
    engines: {node: '>=12.0.0'}

  tslib@2.8.1:
    resolution: {integrity: sha512-oJFu94HQb+KVduSUQL7wnpmqnfmLsOA/nAh6b6EH0wCEoK0/mPeXU6c3wKDV83MkOuHPRHtSXKKU99IBazS/2w==}

  type-level-regexp@0.1.17:
    resolution: {integrity: sha512-wTk4DH3cxwk196uGLK/E9pE45aLfeKJacKmcEgEOA/q5dnPGNxXt0cfYdFxb57L+sEpf1oJH4Dnx/pnRcku9jg==}

  typescript@5.9.3:
    resolution: {integrity: sha512-jl1vZzPDinLr9eUt3J/t7V6FgNEw9QjvBPdysz9KfQDD41fQrC2Y4vKQdiaUpFT4bXlb1RHhLpp8wtm6M5TgSw==}
    engines: {node: '>=14.17'}
    hasBin: true

  ufo@1.6.3:
    resolution: {integrity: sha512-yDJTmhydvl5lJzBmy/hyOAA0d+aqCBuwl818haVdYCRrWV84o7YyeVm4QlVHStqNrrJSTb6jKuFAVqAFsr+K3Q==}

  undici-types@7.16.0:
    resolution: {integrity: sha512-Zz+aZWSj8LE6zoxD+xrjh4VfkIG8Ya6LvYkZqtUQGJPZjYl53ypCaUwWqo7eI0x66KBGeRo+mlBEkMSeSZ38Nw==}

  unicode-properties@1.4.1:
    resolution: {integrity: sha512-CLjCCLQ6UuMxWnbIylkisbRj31qxHPAurvena/0iwSVbQ2G1VY5/HjV0IRabOEbDHlzZlRdCrD4NhB0JtU40Pg==}

  unicode-trie@2.0.0:
    resolution: {integrity: sha512-x7bc76x0bm4prf1VLg79uhAzKw8DVboClSN5VxJuQ+LKDOVEW9CdH+VY7SP+vX7xCYQqzzgQpFqz15zeLvAtZQ==}

  unplugin@2.3.11:
    resolution: {integrity: sha512-5uKD0nqiYVzlmCRs01Fhs2BdkEgBS3SAVP6ndrBsuK42iC2+JHyxM05Rm9G8+5mkmRtzMZGY8Ct5+mliZxU/Ww==}
    engines: {node: '>=18.12.0'}

  vite@8.0.0-beta.18:
    resolution: {integrity: sha512-azgNbWdsO/WBqHQxwSCy+zd+Fq+37Fix2hn64cQuiUvaaGGSUac7f8RGQhI1aQl9OKbfWblrCFLWs+tln06c2A==}
    engines: {node: ^20.19.0 || >=22.12.0}
    hasBin: true
    peerDependencies:
      '@types/node': ^20.19.0 || >=22.12.0
      '@vitejs/devtools': ^0.0.0-alpha.31
      esbuild: ^0.27.0
      jiti: '>=1.21.0'
      less: ^4.0.0
      sass: ^1.70.0
      sass-embedded: ^1.70.0
      stylus: '>=0.54.8'
      sugarss: ^5.0.0
      terser: ^5.16.0
      tsx: ^4.8.1
      yaml: ^2.4.2
    peerDependenciesMeta:
      '@types/node':
        optional: true
      '@vitejs/devtools':
        optional: true
      esbuild:
        optional: true
      jiti:
        optional: true
      less:
        optional: true
      sass:
        optional: true
      sass-embedded:
        optional: true
      stylus:
        optional: true
      sugarss:
        optional: true
      terser:
        optional: true
      tsx:
        optional: true
      yaml:
        optional: true

  webpack-virtual-modules@0.6.2:
    resolution: {integrity: sha512-66/V2i5hQanC51vBQKPH4aI8NMAcBW59FVBs+rC7eGHupMyfn34q7rZIE+ETlJ+XTevqfUhVVBgSUNSW2flEUQ==}

snapshots:

  '@capsizecss/unpack@3.0.1':
    dependencies:
      fontkit: 2.0.4

  '@emnapi/core@1.8.1':
    dependencies:
      '@emnapi/wasi-threads': 1.1.0
      tslib: 2.8.1
    optional: true

  '@emnapi/runtime@1.8.1':
    dependencies:
      tslib: 2.8.1
    optional: true

  '@emnapi/wasi-threads@1.1.0':
    dependencies:
      tslib: 2.8.1
    optional: true

  '@fontsource-variable/geist-mono@5.2.7': {}

  '@fontsource-variable/geist@5.2.8': {}

  '@jridgewell/gen-mapping@0.3.13':
    dependencies:
      '@jridgewell/sourcemap-codec': 1.5.5
      '@jridgewell/trace-mapping': 0.3.31

  '@jridgewell/remapping@2.3.5':
    dependencies:
      '@jridgewell/gen-mapping': 0.3.13
      '@jridgewell/trace-mapping': 0.3.31

  '@jridgewell/resolve-uri@3.1.2': {}

  '@jridgewell/sourcemap-codec@1.5.5': {}

  '@jridgewell/trace-mapping@0.3.31':
    dependencies:
      '@jridgewell/resolve-uri': 3.1.2
      '@jridgewell/sourcemap-codec': 1.5.5

  '@napi-rs/wasm-runtime@1.1.1':
    dependencies:
      '@emnapi/core': 1.8.1
      '@emnapi/runtime': 1.8.1
      '@tybys/wasm-util': 0.10.1
    optional: true

  '@oxc-project/runtime@0.115.0': {}

  '@oxc-project/types@0.115.0': {}

  '@oxfmt/darwin-arm64@0.16.0':
    optional: true

  '@oxfmt/darwin-x64@0.16.0':
    optional: true

  '@oxfmt/linux-arm64-gnu@0.16.0':
    optional: true

  '@oxfmt/linux-arm64-musl@0.16.0':
    optional: true

  '@oxfmt/linux-x64-gnu@0.16.0':
    optional: true

  '@oxfmt/linux-x64-musl@0.16.0':
    optional: true

  '@oxfmt/win32-arm64@0.16.0':
    optional: true

  '@oxfmt/win32-x64@0.16.0':
    optional: true

  '@oxlint/binding-android-arm-eabi@1.51.0':
    optional: true

  '@oxlint/binding-android-arm64@1.51.0':
    optional: true

  '@oxlint/binding-darwin-arm64@1.51.0':
    optional: true

  '@oxlint/binding-darwin-x64@1.51.0':
    optional: true

  '@oxlint/binding-freebsd-x64@1.51.0':
    optional: true

  '@oxlint/binding-linux-arm-gnueabihf@1.51.0':
    optional: true

  '@oxlint/binding-linux-arm-musleabihf@1.51.0':
    optional: true

  '@oxlint/binding-linux-arm64-gnu@1.51.0':
    optional: true

  '@oxlint/binding-linux-arm64-musl@1.51.0':
    optional: true

  '@oxlint/binding-linux-ppc64-gnu@1.51.0':
    optional: true

  '@oxlint/binding-linux-riscv64-gnu@1.51.0':
    optional: true

  '@oxlint/binding-linux-riscv64-musl@1.51.0':
    optional: true

  '@oxlint/binding-linux-s390x-gnu@1.51.0':
    optional: true

  '@oxlint/binding-linux-x64-gnu@1.51.0':
    optional: true

  '@oxlint/binding-linux-x64-musl@1.51.0':
    optional: true

  '@oxlint/binding-openharmony-arm64@1.51.0':
    optional: true

  '@oxlint/binding-win32-arm64-msvc@1.51.0':
    optional: true

  '@oxlint/binding-win32-ia32-msvc@1.51.0':
    optional: true

  '@oxlint/binding-win32-x64-msvc@1.51.0':
    optional: true

  '@rolldown/binding-android-arm64@1.0.0-rc.8':
    optional: true

  '@rolldown/binding-darwin-arm64@1.0.0-rc.8':
    optional: true

  '@rolldown/binding-darwin-x64@1.0.0-rc.8':
    optional: true

  '@rolldown/binding-freebsd-x64@1.0.0-rc.8':
    optional: true

  '@rolldown/binding-linux-arm-gnueabihf@1.0.0-rc.8':
    optional: true

  '@rolldown/binding-linux-arm64-gnu@1.0.0-rc.8':
    optional: true

  '@rolldown/binding-linux-arm64-musl@1.0.0-rc.8':
    optional: true

  '@rolldown/binding-linux-ppc64-gnu@1.0.0-rc.8':
    optional: true

  '@rolldown/binding-linux-s390x-gnu@1.0.0-rc.8':
    optional: true

  '@rolldown/binding-linux-x64-gnu@1.0.0-rc.8':
    optional: true

  '@rolldown/binding-linux-x64-musl@1.0.0-rc.8':
    optional: true

  '@rolldown/binding-openharmony-arm64@1.0.0-rc.8':
    optional: true

  '@rolldown/binding-wasm32-wasi@1.0.0-rc.8':
    dependencies:
      '@napi-rs/wasm-runtime': 1.1.1
    optional: true

  '@rolldown/binding-win32-arm64-msvc@1.0.0-rc.8':
    optional: true

  '@rolldown/binding-win32-x64-msvc@1.0.0-rc.8':
    optional: true

  '@rolldown/pluginutils@1.0.0-rc.7': {}

  '@rolldown/pluginutils@1.0.0-rc.8': {}

  '@swc/helpers@0.5.19':
    dependencies:
      tslib: 2.8.1

  '@tailwindcss/node@4.2.1':
    dependencies:
      '@jridgewell/remapping': 2.3.5
      enhanced-resolve: 5.20.0
      jiti: 2.6.1
      lightningcss: 1.31.1
      magic-string: 0.30.21
      source-map-js: 1.2.1
      tailwindcss: 4.2.1

  '@tailwindcss/oxide-android-arm64@4.2.1':
    optional: true

  '@tailwindcss/oxide-darwin-arm64@4.2.1':
    optional: true

  '@tailwindcss/oxide-darwin-x64@4.2.1':
    optional: true

  '@tailwindcss/oxide-freebsd-x64@4.2.1':
    optional: true

  '@tailwindcss/oxide-linux-arm-gnueabihf@4.2.1':
    optional: true

  '@tailwindcss/oxide-linux-arm64-gnu@4.2.1':
    optional: true

  '@tailwindcss/oxide-linux-arm64-musl@4.2.1':
    optional: true

  '@tailwindcss/oxide-linux-x64-gnu@4.2.1':
    optional: true

  '@tailwindcss/oxide-linux-x64-musl@4.2.1':
    optional: true

  '@tailwindcss/oxide-wasm32-wasi@4.2.1':
    optional: true

  '@tailwindcss/oxide-win32-arm64-msvc@4.2.1':
    optional: true

  '@tailwindcss/oxide-win32-x64-msvc@4.2.1':
    optional: true

  '@tailwindcss/oxide@4.2.1':
    optionalDependencies:
      '@tailwindcss/oxide-android-arm64': 4.2.1
      '@tailwindcss/oxide-darwin-arm64': 4.2.1
      '@tailwindcss/oxide-darwin-x64': 4.2.1
      '@tailwindcss/oxide-freebsd-x64': 4.2.1
      '@tailwindcss/oxide-linux-arm-gnueabihf': 4.2.1
      '@tailwindcss/oxide-linux-arm64-gnu': 4.2.1
      '@tailwindcss/oxide-linux-arm64-musl': 4.2.1
      '@tailwindcss/oxide-linux-x64-gnu': 4.2.1
      '@tailwindcss/oxide-linux-x64-musl': 4.2.1
      '@tailwindcss/oxide-wasm32-wasi': 4.2.1
      '@tailwindcss/oxide-win32-arm64-msvc': 4.2.1
      '@tailwindcss/oxide-win32-x64-msvc': 4.2.1

  '@tailwindcss/vite@4.2.1(vite@8.0.0-beta.18(@types/node@24.12.0)(jiti@2.6.1))':
    dependencies:
      '@tailwindcss/node': 4.2.1
      '@tailwindcss/oxide': 4.2.1
      tailwindcss: 4.2.1
      vite: 8.0.0-beta.18(@types/node@24.12.0)(jiti@2.6.1)

  '@tybys/wasm-util@0.10.1':
    dependencies:
      tslib: 2.8.1
    optional: true

  '@types/estree@1.0.8': {}

  '@types/node@24.12.0':
    dependencies:
      undici-types: 7.16.0

  '@types/react-dom@19.2.3(@types/react@19.2.14)':
    dependencies:
      '@types/react': 19.2.14

  '@types/react@19.2.14':
    dependencies:
      csstype: 3.2.3

  '@vitejs/plugin-react@6.0.0(vite@8.0.0-beta.18(@types/node@24.12.0)(jiti@2.6.1))':
    dependencies:
      '@rolldown/pluginutils': 1.0.0-rc.7
      vite: 8.0.0-beta.18(@types/node@24.12.0)(jiti@2.6.1)

  acorn@8.16.0: {}

  base64-js@1.5.1: {}

  brotli@1.3.3:
    dependencies:
      base64-js: 1.5.1

  class-variance-authority@0.7.1:
    dependencies:
      clsx: 2.1.1

  clone@2.1.2: {}

  clsx@2.1.1: {}

  confbox@0.1.8: {}

  css-tree@3.2.1:
    dependencies:
      mdn-data: 2.27.1
      source-map-js: 1.2.1

  csstype@3.2.3: {}

  detect-libc@2.1.2: {}

  dfa@1.2.0: {}

  enhanced-resolve@5.20.0:
    dependencies:
      graceful-fs: 4.2.11
      tapable: 2.3.0

  estree-walker@3.0.3:
    dependencies:
      '@types/estree': 1.0.8

  fast-deep-equal@3.1.3: {}

  fdir@6.5.0(picomatch@4.0.3):
    optionalDependencies:
      picomatch: 4.0.3

  fontaine@0.7.0:
    dependencies:
      '@capsizecss/unpack': 3.0.1
      css-tree: 3.2.1
      magic-regexp: 0.10.0
      magic-string: 0.30.21
      pathe: 2.0.3
      ufo: 1.6.3
      unplugin: 2.3.11

  fontkit@2.0.4:
    dependencies:
      '@swc/helpers': 0.5.19
      brotli: 1.3.3
      clone: 2.1.2
      dfa: 1.2.0
      fast-deep-equal: 3.1.3
      restructure: 3.0.2
      tiny-inflate: 1.0.3
      unicode-properties: 1.4.1
      unicode-trie: 2.0.0

  fsevents@2.3.3:
    optional: true

  graceful-fs@4.2.11: {}

  jiti@2.6.1: {}

  lightningcss-android-arm64@1.31.1:
    optional: true

  lightningcss-android-arm64@1.32.0:
    optional: true

  lightningcss-darwin-arm64@1.31.1:
    optional: true

  lightningcss-darwin-arm64@1.32.0:
    optional: true

  lightningcss-darwin-x64@1.31.1:
    optional: true

  lightningcss-darwin-x64@1.32.0:
    optional: true

  lightningcss-freebsd-x64@1.31.1:
    optional: true

  lightningcss-freebsd-x64@1.32.0:
    optional: true

  lightningcss-linux-arm-gnueabihf@1.31.1:
    optional: true

  lightningcss-linux-arm-gnueabihf@1.32.0:
    optional: true

  lightningcss-linux-arm64-gnu@1.31.1:
    optional: true

  lightningcss-linux-arm64-gnu@1.32.0:
    optional: true

  lightningcss-linux-arm64-musl@1.31.1:
    optional: true

  lightningcss-linux-arm64-musl@1.32.0:
    optional: true

  lightningcss-linux-x64-gnu@1.31.1:
    optional: true

  lightningcss-linux-x64-gnu@1.32.0:
    optional: true

  lightningcss-linux-x64-musl@1.31.1:
    optional: true

  lightningcss-linux-x64-musl@1.32.0:
    optional: true

  lightningcss-win32-arm64-msvc@1.31.1:
    optional: true

  lightningcss-win32-arm64-msvc@1.32.0:
    optional: true

  lightningcss-win32-x64-msvc@1.31.1:
    optional: true

  lightningcss-win32-x64-msvc@1.32.0:
    optional: true

  lightningcss@1.31.1:
    dependencies:
      detect-libc: 2.1.2
    optionalDependencies:
      lightningcss-android-arm64: 1.31.1
      lightningcss-darwin-arm64: 1.31.1
      lightningcss-darwin-x64: 1.31.1
      lightningcss-freebsd-x64: 1.31.1
      lightningcss-linux-arm-gnueabihf: 1.31.1
      lightningcss-linux-arm64-gnu: 1.31.1
      lightningcss-linux-arm64-musl: 1.31.1
      lightningcss-linux-x64-gnu: 1.31.1
      lightningcss-linux-x64-musl: 1.31.1
      lightningcss-win32-arm64-msvc: 1.31.1
      lightningcss-win32-x64-msvc: 1.31.1

  lightningcss@1.32.0:
    dependencies:
      detect-libc: 2.1.2
    optionalDependencies:
      lightningcss-android-arm64: 1.32.0
      lightningcss-darwin-arm64: 1.32.0
      lightningcss-darwin-x64: 1.32.0
      lightningcss-freebsd-x64: 1.32.0
      lightningcss-linux-arm-gnueabihf: 1.32.0
      lightningcss-linux-arm64-gnu: 1.32.0
      lightningcss-linux-arm64-musl: 1.32.0
      lightningcss-linux-x64-gnu: 1.32.0
      lightningcss-linux-x64-musl: 1.32.0
      lightningcss-win32-arm64-msvc: 1.32.0
      lightningcss-win32-x64-msvc: 1.32.0

  lucide-react@0.554.0(react@19.2.4):
    dependencies:
      react: 19.2.4

  magic-regexp@0.10.0:
    dependencies:
      estree-walker: 3.0.3
      magic-string: 0.30.21
      mlly: 1.8.1
      regexp-tree: 0.1.27
      type-level-regexp: 0.1.17
      ufo: 1.6.3
      unplugin: 2.3.11

  magic-string@0.30.21:
    dependencies:
      '@jridgewell/sourcemap-codec': 1.5.5

  mdn-data@2.27.1: {}

  mlly@1.8.1:
    dependencies:
      acorn: 8.16.0
      pathe: 2.0.3
      pkg-types: 1.3.1
      ufo: 1.6.3

  nanoid@3.3.11: {}

  oxfmt@0.16.0:
    optionalDependencies:
      '@oxfmt/darwin-arm64': 0.16.0
      '@oxfmt/darwin-x64': 0.16.0
      '@oxfmt/linux-arm64-gnu': 0.16.0
      '@oxfmt/linux-arm64-musl': 0.16.0
      '@oxfmt/linux-x64-gnu': 0.16.0
      '@oxfmt/linux-x64-musl': 0.16.0
      '@oxfmt/win32-arm64': 0.16.0
      '@oxfmt/win32-x64': 0.16.0

  oxlint@1.51.0:
    optionalDependencies:
      '@oxlint/binding-android-arm-eabi': 1.51.0
      '@oxlint/binding-android-arm64': 1.51.0
      '@oxlint/binding-darwin-arm64': 1.51.0
      '@oxlint/binding-darwin-x64': 1.51.0
      '@oxlint/binding-freebsd-x64': 1.51.0
      '@oxlint/binding-linux-arm-gnueabihf': 1.51.0
      '@oxlint/binding-linux-arm-musleabihf': 1.51.0
      '@oxlint/binding-linux-arm64-gnu': 1.51.0
      '@oxlint/binding-linux-arm64-musl': 1.51.0
      '@oxlint/binding-linux-ppc64-gnu': 1.51.0
      '@oxlint/binding-linux-riscv64-gnu': 1.51.0
      '@oxlint/binding-linux-riscv64-musl': 1.51.0
      '@oxlint/binding-linux-s390x-gnu': 1.51.0
      '@oxlint/binding-linux-x64-gnu': 1.51.0
      '@oxlint/binding-linux-x64-musl': 1.51.0
      '@oxlint/binding-openharmony-arm64': 1.51.0
      '@oxlint/binding-win32-arm64-msvc': 1.51.0
      '@oxlint/binding-win32-ia32-msvc': 1.51.0
      '@oxlint/binding-win32-x64-msvc': 1.51.0

  pako@0.2.9: {}

  pathe@2.0.3: {}

  picocolors@1.1.1: {}

  picomatch@4.0.3: {}

  pkg-types@1.3.1:
    dependencies:
      confbox: 0.1.8
      mlly: 1.8.1
      pathe: 2.0.3

  postcss@8.5.8:
    dependencies:
      nanoid: 3.3.11
      picocolors: 1.1.1
      source-map-js: 1.2.1

  react-dom@19.2.4(react@19.2.4):
    dependencies:
      react: 19.2.4
      scheduler: 0.27.0

  react@19.2.4: {}

  regexp-tree@0.1.27: {}

  restructure@3.0.2: {}

  rolldown@1.0.0-rc.8:
    dependencies:
      '@oxc-project/types': 0.115.0
      '@rolldown/pluginutils': 1.0.0-rc.8
    optionalDependencies:
      '@rolldown/binding-android-arm64': 1.0.0-rc.8
      '@rolldown/binding-darwin-arm64': 1.0.0-rc.8
      '@rolldown/binding-darwin-x64': 1.0.0-rc.8
      '@rolldown/binding-freebsd-x64': 1.0.0-rc.8
      '@rolldown/binding-linux-arm-gnueabihf': 1.0.0-rc.8
      '@rolldown/binding-linux-arm64-gnu': 1.0.0-rc.8
      '@rolldown/binding-linux-arm64-musl': 1.0.0-rc.8
      '@rolldown/binding-linux-ppc64-gnu': 1.0.0-rc.8
      '@rolldown/binding-linux-s390x-gnu': 1.0.0-rc.8
      '@rolldown/binding-linux-x64-gnu': 1.0.0-rc.8
      '@rolldown/binding-linux-x64-musl': 1.0.0-rc.8
      '@rolldown/binding-openharmony-arm64': 1.0.0-rc.8
      '@rolldown/binding-wasm32-wasi': 1.0.0-rc.8
      '@rolldown/binding-win32-arm64-msvc': 1.0.0-rc.8
      '@rolldown/binding-win32-x64-msvc': 1.0.0-rc.8

  scheduler@0.27.0: {}

  source-map-js@1.2.1: {}

  tailwind-merge@3.5.0: {}

  tailwindcss@4.2.1: {}

  tapable@2.3.0: {}

  tiny-inflate@1.0.3: {}

  tinyglobby@0.2.15:
    dependencies:
      fdir: 6.5.0(picomatch@4.0.3)
      picomatch: 4.0.3

  tslib@2.8.1: {}

  type-level-regexp@0.1.17: {}

  typescript@5.9.3: {}

  ufo@1.6.3: {}

  undici-types@7.16.0: {}

  unicode-properties@1.4.1:
    dependencies:
      base64-js: 1.5.1
      unicode-trie: 2.0.0

  unicode-trie@2.0.0:
    dependencies:
      pako: 0.2.9
      tiny-inflate: 1.0.3

  unplugin@2.3.11:
    dependencies:
      '@jridgewell/remapping': 2.3.5
      acorn: 8.16.0
      picomatch: 4.0.3
      webpack-virtual-modules: 0.6.2

  vite@8.0.0-beta.18(@types/node@24.12.0)(jiti@2.6.1):
    dependencies:
      '@oxc-project/runtime': 0.115.0
      lightningcss: 1.32.0
      picomatch: 4.0.3
      postcss: 8.5.8
      rolldown: 1.0.0-rc.8
      tinyglobby: 0.2.15
    optionalDependencies:
      '@types/node': 24.12.0
      fsevents: 2.3.3
      jiti: 2.6.1

  webpack-virtual-modules@0.6.2: {}
